# THIS IS AN AUTOGENERATED FILE. DO NOT EDIT THIS FILE DIRECTLY.
# yarn lockfile v1


diff@~1.0.3:
  version "1.0.8"
  resolved "https://registry.yarnpkg.com/diff/-/diff-1.0.8.tgz#343276308ec991b7bc82267ed55bc1411f971666"
  integrity sha512-1zEb73vemXFpUmfh3fsta4YHz3lwebxXvaWmPbFv9apujQBWDnkrPDLXLQs1gZo4RCWMDsT89r0Pf/z8/02TGA==

eyes@>=0.1.6:
  version "0.1.8"
  resolved "https://registry.yarnpkg.com/eyes/-/eyes-0.1.8.tgz#62cf120234c683785d902348a800ef3e0cc20bc0"
  integrity sha512-GipyPsXO1anza0AOZdy69Im7hGFCNB7Y/NGjDlZGJ3GJJLtwNSb2vrzYrTYJRrRloVx7pl+bhUaTB8yiccPvFQ==

vows@0.7.x:
  version "0.7.0"
  resolved "https://registry.yarnpkg.com/vows/-/vows-0.7.0.tgz#dd0065f110ba0c0a6d63e844851c3208176d5867"
  integrity sha512-f2CmK8X7E9H6jUjvvGttPRoL+dxWBZdWYKqfChoKMklKieSQZ/LxasuCf1dkFDA0kGcLhX5eUaM+MzaFn/tvqg==
  dependencies:
    diff "~1.0.3"
    eyes ">=0.1.6"
