# This file is generated by running "yarn install" inside your project.
# Manual changes might be lost - proceed with caution!

__metadata:
  version: 8
  cacheKey: 10c0

"@000alen/toposort@workspace:.":
  version: 0.0.0-use.local
  resolution: "@000alen/toposort@workspace:."
  dependencies:
    vows: "npm:0.7.x"
  languageName: unknown
  linkType: soft

"diff@npm:~1.0.3":
  version: 1.0.8
  resolution: "diff@npm:1.0.8"
  checksum: 10c0/97bab57c4710519c5bfc2dc8c06bc5a83684fb12111c68e0f03eebe71660c9d2c2db4a00d7c99b0d1dbb53c4cae08c7cab0c0527ef123ef05335f780bff1a5db
  languageName: node
  linkType: hard

"eyes@npm:>=0.1.6":
  version: 0.1.8
  resolution: "eyes@npm:0.1.8"
  checksum: 10c0/4c79a9cbf45746d8c9f48cc957e35ad8ea336add1c7b8d5a0e002efc791a7a62b27b2188184ef1a1eea7bc3cd06b161791421e0e6c5fe78309705a162c53eea8
  languageName: node
  linkType: hard

"vows@npm:0.7.x":
  version: 0.7.0
  resolution: "vows@npm:0.7.0"
  dependencies:
    diff: "npm:~1.0.3"
    eyes: "npm:>=0.1.6"
  bin:
    vows: ./bin/vows
  checksum: 10c0/eacb0d8b12340e6c02d2bb2a321aafe69490440d42672c277a58b277087bdbf311220976319bc9477201c9f2916191bfd9ec1735d2b69275bf700cbd6d214e1a
  languageName: node
  linkType: hard
